
Microsoft Visual Studio Solution File, Format Version 12.00
# Visual Studio 2012
Project("{FAE04EC0-301F-11D3-BF4B-00C04F79EFBC}") = "Check24ColorGame", "Check24ColorGame\Check24ColorGame.csproj", "{AFA0ED71-1755-45C8-BB09-41C5466EBC5C}"
EndProject
Project("{FAE04EC0-301F-11D3-BF4B-00C04F79EFBC}") = "Check24ColorGameTests", "Check24ColorGameTests\Check24ColorGameTests.csproj", "{B3487A85-7A2A-4407-80FC-64F25B6ED3D0}"
EndProject
Global
	GlobalSection(SolutionConfigurationPlatforms) = preSolution
		Debug|Any CPU = Debug|Any CPU
		Release|Any CPU = Release|Any CPU
	EndGlobalSection
	GlobalSection(ProjectConfigurationPlatforms) = postSolution
		{AFA0ED71-1755-45C8-BB09-41C5466EBC5C}.Debug|Any CPU.ActiveCfg = Debug|Any CPU
		{AFA0ED71-1755-45C8-BB09-41C5466EBC5C}.Debug|Any CPU.Build.0 = Debug|Any CPU
		{AFA0ED71-1755-45C8-BB09-41C5466EBC5C}.Release|Any CPU.ActiveCfg = Release|Any CPU
		{AFA0ED71-1755-45C8-BB09-41C5466EBC5C}.Release|Any CPU.Build.0 = Release|Any CPU
		{B3487A85-7A2A-4407-80FC-64F25B6ED3D0}.Debug|Any CPU.ActiveCfg = Debug|Any CPU
		{B3487A85-7A2A-4407-80FC-64F25B6ED3D0}.Debug|Any CPU.Build.0 = Debug|Any CPU
		{B3487A85-7A2A-4407-80FC-64F25B6ED3D0}.Release|Any CPU.ActiveCfg = Release|Any CPU
		{B3487A85-7A2A-4407-80FC-64F25B6ED3D0}.Release|Any CPU.Build.0 = Release|Any CPU
	EndGlobalSection
	GlobalSection(SolutionProperties) = preSolution
		HideSolutionNode = FALSE
	EndGlobalSection
EndGlobal
